// !$*UTF8*$!
{
	archiveVersion = 1;
	classes = {
	};
	objectVersion = 56;
	objects = {

/* Begin PBXBuildFile section */
		C38016132A1CC2CE00CAA04B /* LearningSwiftUIApp.swift in Sources */ = {isa = PBXBuildFile; fileRef = C38016122A1CC2CE00CAA04B /* LearningSwiftUIApp.swift */; };
		C38016152A1CC2CE00CAA04B /* ContentView.swift in Sources */ = {isa = PBXBuildFile; fileRef = C38016142A1CC2CE00CAA04B /* ContentView.swift */; };
		C38016172A1CC2CF00CAA04B /* Assets.xcassets in Resources */ = {isa = PBXBuildFile; fileRef = C38016162A1CC2CF00CAA04B /* Assets.xcassets */; };
		C380161A2A1CC2CF00CAA04B /* Preview Assets.xcassets in Resources */ = {isa = PBXBuildFile; fileRef = C38016192A1CC2CF00CAA04B /* Preview Assets.xcassets */; };
		C3E533CE2A2739E5004AE434 /* SettingsView.swift in Sources */ = {isa = PBXBuildFile; fileRef = C3E533CD2A2739E5004AE434 /* SettingsView.swift */; };
		C3E533D02A287FF3004AE434 /* KeywordBubbleDefaultPadding.swift in Sources */ = {isa = PBXBuildFile; fileRef = C3E533CF2A287FF2004AE434 /* KeywordBubbleDefaultPadding.swift */; };
		C3E533D22A288350004AE434 /* KeywordBubble.swift in Sources */ = {isa = PBXBuildFile; fileRef = C3E533D12A28834F004AE434 /* KeywordBubble.swift */; };
		C3E533D42A2886CB004AE434 /* CaptionedPhoto.swift in Sources */ = {isa = PBXBuildFile; fileRef = C3E533D32A2886CB004AE434 /* CaptionedPhoto.swift */; };
		C3E533D62A28A92F004AE434 /* IfElseTrain.swift in Sources */ = {isa = PBXBuildFile; fileRef = C3E533D52A28A92F004AE434 /* IfElseTrain.swift */; };
		C3E533D82A28A9FB004AE434 /* OpacityTrain.swift in Sources */ = {isa = PBXBuildFile; fileRef = C3E533D72A28A9FB004AE434 /* OpacityTrain.swift */; };
/* End PBXBuildFile section */

/* Begin PBXFileReference section */
		C380160F2A1CC2CE00CAA04B /* LearningSwiftUI.app */ = {isa = PBXFileReference; explicitFileType = wrapper.application; includeInIndex = 0; path = LearningSwiftUI.app; sourceTree = BUILT_PRODUCTS_DIR; };
		C38016122A1CC2CE00CAA04B /* LearningSwiftUIApp.swift */ = {isa = PBXFileReference; lastKnownFileType = sourcecode.swift; path = LearningSwiftUIApp.swift; sourceTree = "<group>"; };
		C38016142A1CC2CE00CAA04B /* ContentView.swift */ = {isa = PBXFileReference; lastKnownFileType = sourcecode.swift; path = ContentView.swift; sourceTree = "<group>"; };
		C38016162A1CC2CF00CAA04B /* Assets.xcassets */ = {isa = PBXFileReference; lastKnownFileType = folder.assetcatalog; path = Assets.xcassets; sourceTree = "<group>"; };
		C38016192A1CC2CF00CAA04B /* Preview Assets.xcassets */ = {isa = PBXFileReference; lastKnownFileType = folder.assetcatalog; path = "Preview Assets.xcassets"; sourceTree = "<group>"; };
		C3E533CD2A2739E5004AE434 /* SettingsView.swift */ = {isa = PBXFileReference; lastKnownFileType = sourcecode.swift; path = SettingsView.swift; sourceTree = "<group>"; };
		C3E533CF2A287FF2004AE434 /* KeywordBubbleDefaultPadding.swift */ = {isa = PBXFileReference; lastKnownFileType = sourcecode.swift; path = KeywordBubbleDefaultPadding.swift; sourceTree = "<group>"; };
		C3E533D12A28834F004AE434 /* KeywordBubble.swift */ = {isa = PBXFileReference; lastKnownFileType = sourcecode.swift; path = KeywordBubble.swift; sourceTree = "<group>"; };
		C3E533D32A2886CB004AE434 /* CaptionedPhoto.swift */ = {isa = PBXFileReference; lastKnownFileType = sourcecode.swift; path = CaptionedPhoto.swift; sourceTree = "<group>"; };
		C3E533D52A28A92F004AE434 /* IfElseTrain.swift */ = {isa = PBXFileReference; lastKnownFileType = sourcecode.swift; path = IfElseTrain.swift; sourceTree = "<group>"; };
		C3E533D72A28A9FB004AE434 /* OpacityTrain.swift */ = {isa = PBXFileReference; lastKnownFileType = sourcecode.swift; path = OpacityTrain.swift; sourceTree = "<group>"; };
/* End PBXFileReference section */

/* Begin PBXFrameworksBuildPhase section */
		C380160C2A1CC2CE00CAA04B /* Frameworks */ = {
			isa = PBXFrameworksBuildPhase;
			buildActionMask = 2147483647;
			files = (
			);
			runOnlyForDeploymentPostprocessing = 0;
		};
/* End PBXFrameworksBuildPhase section */

/* Begin PBXGroup section */
		C38016062A1CC2CE00CAA04B = {
			isa = PBXGroup;
			children = (
				C38016112A1CC2CE00CAA04B /* LearningSwiftUI */,
				C38016102A1CC2CE00CAA04B /* Products */,
			);
			sourceTree = "<group>";
		};
		C38016102A1CC2CE00CAA04B /* Products */ = {
			isa = PBXGroup;
			children = (
				C380160F2A1CC2CE00CAA04B /* LearningSwiftUI.app */,
			);
			name = Products;
			sourceTree = "<group>";
		};
		C38016112A1CC2CE00CAA04B /* LearningSwiftUI */ = {
			isa = PBXGroup;
			children = (
				C3E533DA2A28AB42004AE434 /* ViewModel */,
				C3E533D92A28AB3A004AE434 /* View */,
				C38016162A1CC2CF00CAA04B /* Assets.xcassets */,
				C38016182A1CC2CF00CAA04B /* Preview Content */,
			);
			path = LearningSwiftUI;
			sourceTree = "<group>";
		};
		C38016182A1CC2CF00CAA04B /* Preview Content */ = {
			isa = PBXGroup;
			children = (
				C38016192A1CC2CF00CAA04B /* Preview Assets.xcassets */,
			);
			path = "Preview Content";
			sourceTree = "<group>";
		};
		C3E533D92A28AB3A004AE434 /* View */ = {
			isa = PBXGroup;
			children = (
				C38016122A1CC2CE00CAA04B /* LearningSwiftUIApp.swift */,
				C38016142A1CC2CE00CAA04B /* ContentView.swift */,
				C3E533CD2A2739E5004AE434 /* SettingsView.swift */,
				C3E533D12A28834F004AE434 /* KeywordBubble.swift */,
				C3E533CF2A287FF2004AE434 /* KeywordBubbleDefaultPadding.swift */,
				C3E533D32A2886CB004AE434 /* CaptionedPhoto.swift */,
				C3E533D52A28A92F004AE434 /* IfElseTrain.swift */,
				C3E533D72A28A9FB004AE434 /* OpacityTrain.swift */,
			);
			path = View;
			sourceTree = "<group>";
		};
		C3E533DA2A28AB42004AE434 /* ViewModel */ = {
			isa = PBXGroup;
			children = (
			);
			path = ViewModel;
			sourceTree = "<group>";
		};
/* End PBXGroup section */

/* Begin PBXNativeTarget section */
		C380160E2A1CC2CE00CAA04B /* LearningSwiftUI */ = {
			isa = PBXNativeTarget;
			buildConfigurationList = C380161D2A1CC2CF00CAA04B /* Build configuration list for PBXNativeTarget "LearningSwiftUI" */;
			buildPhases = (
				C380160B2A1CC2CE00CAA04B /* Sources */,
				C380160C2A1CC2CE00CAA04B /* Frameworks */,
				C380160D2A1CC2CE00CAA04B /* Resources */,
			);
			buildRules = (
			);
			dependencies = (
			);
			name = LearningSwiftUI;
			productName = LearningSwiftUI;
			productReference = C380160F2A1CC2CE00CAA04B /* LearningSwiftUI.app */;
			productType = "com.apple.product-type.application";
		};
/* End PBXNativeTarget section */

/* Begin PBXProject section */
		C38016072A1CC2CE00CAA04B /* Project object */ = {
			isa = PBXProject;
			attributes = {
				BuildIndependentTargetsInParallel = 1;
				LastSwiftUpdateCheck = 1430;
				LastUpgradeCheck = 1430;
				TargetAttributes = {
					C380160E2A1CC2CE00CAA04B = {
						CreatedOnToolsVersion = 14.3;
					};
				};
			};
			buildConfigurationList = C380160A2A1CC2CE00CAA04B /* Build configuration list for PBXProject "LearningSwiftUI" */;
			compatibilityVersion = "Xcode 14.0";
			developmentRegion = en;
			hasScannedForEncodings = 0;
			knownRegions = (
				en,
				Base,
			);
			mainGroup = C38016062A1CC2CE00CAA04B;
			productRefGroup = C38016102A1CC2CE00CAA04B /* Products */;
			projectDirPath = "";
			projectRoot = "";
			targets = (
				C380160E2A1CC2CE00CAA04B /* LearningSwiftUI */,
			);
		};
/* End PBXProject section */

/* Begin PBXResourcesBuildPhase section */
		C380160D2A1CC2CE00CAA04B /* Resources */ = {
			isa = PBXResourcesBuildPhase;
			buildActionMask = 2147483647;
			files = (
				C380161A2A1CC2CF00CAA04B /* Preview Assets.xcassets in Resources */,
				C38016172A1CC2CF00CAA04B /* Assets.xcassets in Resources */,
			);
			runOnlyForDeploymentPostprocessing = 0;
		};
/* End PBXResourcesBuildPhase section */

/* Begin PBXSourcesBuildPhase section */
		C380160B2A1CC2CE00CAA04B /* Sources */ = {
			isa = PBXSourcesBuildPhase;
			buildActionMask = 2147483647;
			files = (
				C3E533D42A2886CB004AE434 /* CaptionedPhoto.swift in Sources */,
				C3E533CE2A2739E5004AE434 /* SettingsView.swift in Sources */,
				C38016152A1CC2CE00CAA04B /* ContentView.swift in Sources */,
				C38016132A1CC2CE00CAA04B /* LearningSwiftUIApp.swift in Sources */,
				C3E533D82A28A9FB004AE434 /* OpacityTrain.swift in Sources */,
				C3E533D02A287FF3004AE434 /* KeywordBubbleDefaultPadding.swift in Sources */,
				C3E533D62A28A92F004AE434 /* IfElseTrain.swift in Sources */,
				C3E533D22A288350004AE434 /* KeywordBubble.swift in Sources */,
			);
			runOnlyForDeploymentPostprocessing = 0;
		};
/* End PBXSourcesBuildPhase section */

/* Begin XCBuildConfiguration section */
		C380161B2A1CC2CF00CAA04B /* Debug */ = {
			isa = XCBuildConfiguration;
			buildSettings = {
				ALWAYS_SEARCH_USER_PATHS = NO;
				CLANG_ANALYZER_NONNULL = YES;
				CLANG_ANALYZER_NUMBER_OBJECT_CONVERSION = YES_AGGRESSIVE;
				CLANG_CXX_LANGUAGE_STANDARD = "gnu++20";
				CLANG_ENABLE_MODULES = YES;
				CLANG_ENABLE_OBJC_ARC = YES;
				CLANG_ENABLE_OBJC_WEAK = YES;
				CLANG_WARN_BLOCK_CAPTURE_AUTORELEASING = YES;
				CLANG_WARN_BOOL_CONVERSION = YES;
				CLANG_WARN_COMMA = YES;
				CLANG_WARN_CONSTANT_CONVERSION = YES;
				CLANG_WARN_DEPRECATED_OBJC_IMPLEMENTATIONS = YES;
				CLANG_WARN_DIRECT_OBJC_ISA_USAGE = YES_ERROR;
				CLANG_WARN_DOCUMENTATION_COMMENTS = YES;
				CLANG_WARN_EMPTY_BODY = YES;
				CLANG_WARN_ENUM_CONVERSION = YES;
				CLANG_WARN_INFINITE_RECURSION = YES;
				CLANG_WARN_INT_CONVERSION = YES;
				CLANG_WARN_NON_LITERAL_NULL_CONVERSION = YES;
				CLANG_WARN_OBJC_IMPLICIT_RETAIN_SELF = YES;
				CLANG_WARN_OBJC_LITERAL_CONVERSION = YES;
				CLANG_WARN_OBJC_ROOT_CLASS = YES_ERROR;
				CLANG_WARN_QUOTED_INCLUDE_IN_FRAMEWORK_HEADER = YES;
				CLANG_WARN_RANGE_LOOP_ANALYSIS = YES;
				CLANG_WARN_STRICT_PROTOTYPES = YES;
				CLANG_WARN_SUSPICIOUS_MOVE = YES;
				CLANG_WARN_UNGUARDED_AVAILABILITY = YES_AGGRESSIVE;
				CLANG_WARN_UNREACHABLE_CODE = YES;
				CLANG_WARN__DUPLICATE_METHOD_MATCH = YES;
				COPY_PHASE_STRIP = NO;
				DEBUG_INFORMATION_FORMAT = dwarf;
				ENABLE_STRICT_OBJC_MSGSEND = YES;
				ENABLE_TESTABILITY = YES;
				GCC_C_LANGUAGE_STANDARD = gnu11;
				GCC_DYNAMIC_NO_PIC = NO;
				GCC_NO_COMMON_BLOCKS = YES;
				GCC_OPTIMIZATION_LEVEL = 0;
				GCC_PREPROCESSOR_DEFINITIONS = (
					"DEBUG=1",
					"$(inherited)",
				);
				GCC_WARN_64_TO_32_BIT_CONVERSION = YES;
				GCC_WARN_ABOUT_RETURN_TYPE = YES_ERROR;
				GCC_WARN_UNDECLARED_SELECTOR = YES;
				GCC_WARN_UNINITIALIZED_AUTOS = YES_AGGRESSIVE;
				GCC_WARN_UNUSED_FUNCTION = YES;
				GCC_WARN_UNUSED_VARIABLE = YES;
				IPHONEOS_DEPLOYMENT_TARGET = 16.4;
				MTL_ENABLE_DEBUG_INFO = INCLUDE_SOURCE;
				MTL_FAST_MATH = YES;
				ONLY_ACTIVE_ARCH = YES;
				SDKROOT = iphoneos;
				SWIFT_ACTIVE_COMPILATION_CONDITIONS = DEBUG;
				SWIFT_OPTIMIZATION_LEVEL = "-Onone";
			};
			name = Debug;
		};
		C380161C2A1CC2CF00CAA04B /* Release */ = {
			isa = XCBuildConfiguration;
			buildSettings = {
				ALWAYS_SEARCH_USER_PATHS = NO;
				CLANG_ANALYZER_NONNULL = YES;
				CLANG_ANALYZER_NUMBER_OBJECT_CONVERSION = YES_AGGRESSIVE;
				CLANG_CXX_LANGUAGE_STANDARD = "gnu++20";
				CLANG_ENABLE_MODULES = YES;
				CLANG_ENABLE_OBJC_ARC = YES;
				CLANG_ENABLE_OBJC_WEAK = YES;
				CLANG_WARN_BLOCK_CAPTURE_AUTORELEASING = YES;
				CLANG_WARN_BOOL_CONVERSION = YES;
				CLANG_WARN_COMMA = YES;
				CLANG_WARN_CONSTANT_CONVERSION = YES;
				CLANG_WARN_DEPRECATED_OBJC_IMPLEMENTATIONS = YES;
				CLANG_WARN_DIRECT_OBJC_ISA_USAGE = YES_ERROR;
				CLANG_WARN_DOCUMENTATION_COMMENTS = YES;
				CLANG_WARN_EMPTY_BODY = YES;
				CLANG_WARN_ENUM_CONVERSION = YES;
				CLANG_WARN_INFINITE_RECURSION = YES;
				CLANG_WARN_INT_CONVERSION = YES;
				CLANG_WARN_NON_LITERAL_NULL_CONVERSION = YES;
				CLANG_WARN_OBJC_IMPLICIT_RETAIN_SELF = YES;
				CLANG_WARN_OBJC_LITERAL_CONVERSION = YES;
				CLANG_WARN_OBJC_ROOT_CLASS = YES_ERROR;
				CLANG_WARN_QUOTED_INCLUDE_IN_FRAMEWORK_HEADER = YES;
				CLANG_WARN_RANGE_LOOP_ANALYSIS = YES;
				CLANG_WARN_STRICT_PROTOTYPES = YES;
				CLANG_WARN_SUSPICIOUS_MOVE = YES;
				CLANG_WARN_UNGUARDED_AVAILABILITY = YES_AGGRESSIVE;
				CLANG_WARN_UNREACHABLE_CODE = YES;
				CLANG_WARN__DUPLICATE_METHOD_MATCH = YES;
				COPY_PHASE_STRIP = NO;
				DEBUG_INFORMATION_FORMAT = "dwarf-with-dsym";
				ENABLE_NS_ASSERTIONS = NO;
				ENABLE_STRICT_OBJC_MSGSEND = YES;
				GCC_C_LANGUAGE_STANDARD = gnu11;
				GCC_NO_COMMON_BLOCKS = YES;
				GCC_WARN_64_TO_32_BIT_CONVERSION = YES;
				GCC_WARN_ABOUT_RETURN_TYPE = YES_ERROR;
				GCC_WARN_UNDECLARED_SELECTOR = YES;
				GCC_WARN_UNINITIALIZED_AUTOS = YES_AGGRESSIVE;
				GCC_WARN_UNUSED_FUNCTION = YES;
				GCC_WARN_UNUSED_VARIABLE = YES;
				IPHONEOS_DEPLOYMENT_TARGET = 16.4;
				MTL_ENABLE_DEBUG_INFO = NO;
				MTL_FAST_MATH = YES;
				SDKROOT = iphoneos;
				SWIFT_COMPILATION_MODE = wholemodule;
				SWIFT_OPTIMIZATION_LEVEL = "-O";
				VALIDATE_PRODUCT = YES;
			};
			name = Release;
		};
		C380161E2A1CC2CF00CAA04B /* Debug */ = {
			isa = XCBuildConfiguration;
			buildSettings = {
				ASSETCATALOG_COMPILER_APPICON_NAME = AppIcon;
				ASSETCATALOG_COMPILER_GLOBAL_ACCENT_COLOR_NAME = AccentColor;
				CODE_SIGN_STYLE = Automatic;
				CURRENT_PROJECT_VERSION = 1;
				DEVELOPMENT_ASSET_PATHS = "\"LearningSwiftUI/Preview Content\"";
				DEVELOPMENT_TEAM = FPH322W3GM;
				ENABLE_PREVIEWS = YES;
				GENERATE_INFOPLIST_FILE = YES;
				INFOPLIST_KEY_UIApplicationSceneManifest_Generation = YES;
				INFOPLIST_KEY_UIApplicationSupportsIndirectInputEvents = YES;
				INFOPLIST_KEY_UILaunchScreen_Generation = YES;
				INFOPLIST_KEY_UISupportedInterfaceOrientations_iPad = "UIInterfaceOrientationPortrait UIInterfaceOrientationPortraitUpsideDown UIInterfaceOrientationLandscapeLeft UIInterfaceOrientationLandscapeRight";
				INFOPLIST_KEY_UISupportedInterfaceOrientations_iPhone = "UIInterfaceOrientationPortrait UIInterfaceOrientationLandscapeLeft UIInterfaceOrientationLandscapeRight";
				LD_RUNPATH_SEARCH_PATHS = (
					"$(inherited)",
					"@executable_path/Frameworks",
				);
				MARKETING_VERSION = 1.0;
				PRODUCT_BUNDLE_IDENTIFIER = com.kagankuscu.LearningSwiftUI;
				PRODUCT_NAME = "$(TARGET_NAME)";
				SWIFT_EMIT_LOC_STRINGS = YES;
				SWIFT_VERSION = 5.0;
				TARGETED_DEVICE_FAMILY = "1,2";
			};
			name = Debug;
		};
		C380161F2A1CC2CF00CAA04B /* Release */ = {
			isa = XCBuildConfiguration;
			buildSettings = {
				ASSETCATALOG_COMPILER_APPICON_NAME = AppIcon;
				ASSETCATALOG_COMPILER_GLOBAL_ACCENT_COLOR_NAME = AccentColor;
				CODE_SIGN_STYLE = Automatic;
				CURRENT_PROJECT_VERSION = 1;
				DEVELOPMENT_ASSET_PATHS = "\"LearningSwiftUI/Preview Content\"";
				DEVELOPMENT_TEAM = FPH322W3GM;
				ENABLE_PREVIEWS = YES;
				GENERATE_INFOPLIST_FILE = YES;
				INFOPLIST_KEY_UIApplicationSceneManifest_Generation = YES;
				INFOPLIST_KEY_UIApplicationSupportsIndirectInputEvents = YES;
				INFOPLIST_KEY_UILaunchScreen_Generation = YES;
				INFOPLIST_KEY_UISupportedInterfaceOrientations_iPad = "UIInterfaceOrientationPortrait UIInterfaceOrientationPortraitUpsideDown UIInterfaceOrientationLandscapeLeft UIInterfaceOrientationLandscapeRight";
				INFOPLIST_KEY_UISupportedInterfaceOrientations_iPhone = "UIInterfaceOrientationPortrait UIInterfaceOrientationLandscapeLeft UIInterfaceOrientationLandscapeRight";
				LD_RUNPATH_SEARCH_PATHS = (
					"$(inherited)",
					"@executable_path/Frameworks",
				);
				MARKETING_VERSION = 1.0;
				PRODUCT_BUNDLE_IDENTIFIER = com.kagankuscu.LearningSwiftUI;
				PRODUCT_NAME = "$(TARGET_NAME)";
				SWIFT_EMIT_LOC_STRINGS = YES;
				SWIFT_VERSION = 5.0;
				TARGETED_DEVICE_FAMILY = "1,2";
			};
			name = Release;
		};
/* End XCBuildConfiguration section */

/* Begin XCConfigurationList section */
		C380160A2A1CC2CE00CAA04B /* Build configuration list for PBXProject "LearningSwiftUI" */ = {
			isa = XCConfigurationList;
			buildConfigurations = (
				C380161B2A1CC2CF00CAA04B /* Debug */,
				C380161C2A1CC2CF00CAA04B /* Release */,
			);
			defaultConfigurationIsVisible = 0;
			defaultConfigurationName = Release;
		};
		C380161D2A1CC2CF00CAA04B /* Build configuration list for PBXNativeTarget "LearningSwiftUI" */ = {
			isa = XCConfigurationList;
			buildConfigurations = (
				C380161E2A1CC2CF00CAA04B /* Debug */,
				C380161F2A1CC2CF00CAA04B /* Release */,
			);
			defaultConfigurationIsVisible = 0;
			defaultConfigurationName = Release;
		};
/* End XCConfigurationList section */
	};
	rootObject = C38016072A1CC2CE00CAA04B /* Project object */;
}
